
Microsoft Visual Studio Solution File, Format Version 12.00
# Visual Studio Version 17
VisualStudioVersion = 17.14.36804.6
MinimumVisualStudioVersion = 10.0.40219.1
Project("{FAE04EC0-301F-11D3-BF4B-00C04F79EFBC}") = "LMS", "LMS\LMS.csproj", "{1934623E-C72E-4EFC-813C-71C04C288F3D}"
EndProject
Project("{FAE04EC0-301F-11D3-BF4B-00C04F79EFBC}") = "LMS_OOP", "LMS_OOP\LMS_OOP.csproj", "{068F4F98-D528-41B7-8E1A-D69325705B64}"
EndProject
Global
	GlobalSection(SolutionConfigurationPlatforms) = preSolution
		Debug|Any CPU = Debug|Any CPU
		Release|Any CPU = Release|Any CPU
	EndGlobalSection
	GlobalSection(ProjectConfigurationPlatforms) = postSolution
		{1934623E-C72E-4EFC-813C-71C04C288F3D}.Debug|Any CPU.ActiveCfg = Debug|Any CPU
		{1934623E-C72E-4EFC-813C-71C04C288F3D}.Debug|Any CPU.Build.0 = Debug|Any CPU
		{1934623E-C72E-4EFC-813C-71C04C288F3D}.Release|Any CPU.ActiveCfg = Release|Any CPU
		{1934623E-C72E-4EFC-813C-71C04C288F3D}.Release|Any CPU.Build.0 = Release|Any CPU
		{068F4F98-D528-41B7-8E1A-D69325705B64}.Debug|Any CPU.ActiveCfg = Debug|Any CPU
		{068F4F98-D528-41B7-8E1A-D69325705B64}.Debug|Any CPU.Build.0 = Debug|Any CPU
		{068F4F98-D528-41B7-8E1A-D69325705B64}.Release|Any CPU.ActiveCfg = Release|Any CPU
		{068F4F98-D528-41B7-8E1A-D69325705B64}.Release|Any CPU.Build.0 = Release|Any CPU
	EndGlobalSection
	GlobalSection(SolutionProperties) = preSolution
		HideSolutionNode = FALSE
	EndGlobalSection
	GlobalSection(ExtensibilityGlobals) = postSolution
		SolutionGuid = {39B594A9-30CA-43BC-8D4A-76E9A4B6F0A6}
	EndGlobalSection
EndGlobal
